// !$*UTF8*$!
{
	archiveVersion = 1;
	classes = {
	};
	objectVersion = 50;
	objects = {

/* Begin PBXBuildFile section */
		EF5C2EDC2080BBB000084B7E /* AppDelegate.m in Sources */ = {isa = PBXBuildFile; fileRef = EF5C2EDB2080BBB000084B7E /* AppDelegate.m */; };
		EF5C2EDF2080BBB000084B7E /* ViewController.m in Sources */ = {isa = PBXBuildFile; fileRef = EF5C2EDE2080BBB000084B7E /* ViewController.m */; };
		EF5C2EE22080BBB000084B7E /* Main.storyboard in Resources */ = {isa = PBXBuildFile; fileRef = EF5C2EE02080BBB000084B7E /* Main.storyboard */; };
		EF5C2EE42080BBB400084B7E /* Assets.xcassets in Resources */ = {isa = PBXBuildFile; fileRef = EF5C2EE32080BBB400084B7E /* Assets.xcassets */; };
		EF5C2EE72080BBB400084B7E /* LaunchScreen.storyboard in Resources */ = {isa = PBXBuildFile; fileRef = EF5C2EE52080BBB400084B7E /* LaunchScreen.storyboard */; };
		EF5C2EEA2080BBB400084B7E /* main.m in Sources */ = {isa = PBXBuildFile; fileRef = EF5C2EE92080BBB400084B7E /* main.m */; };
		EF5C2EF42080BBB400084B7E /* Jummum2Tests.m in Sources */ = {isa = PBXBuildFile; fileRef = EF5C2EF32080BBB400084B7E /* Jummum2Tests.m */; };
		EF5C2EFF2080BBB400084B7E /* Jummum2UITests.m in Sources */ = {isa = PBXBuildFile; fileRef = EF5C2EFE2080BBB400084B7E /* Jummum2UITests.m */; };
/* End PBXBuildFile section */

/* Begin PBXContainerItemProxy section */
		EF5C2EF02080BBB400084B7E /* PBXContainerItemProxy */ = {
			isa = PBXContainerItemProxy;
			containerPortal = EF5C2ECF2080BBB000084B7E /* Project object */;
			proxyType = 1;
			remoteGlobalIDString = EF5C2ED62080BBB000084B7E;
			remoteInfo = Jummum2;
		};
		EF5C2EFB2080BBB400084B7E /* PBXContainerItemProxy */ = {
			isa = PBXContainerItemProxy;
			containerPortal = EF5C2ECF2080BBB000084B7E /* Project object */;
			proxyType = 1;
			remoteGlobalIDString = EF5C2ED62080BBB000084B7E;
			remoteInfo = Jummum2;
		};
/* End PBXContainerItemProxy section */

/* Begin PBXFileReference section */
		EF5C2ED72080BBB000084B7E /* Jummum2.app */ = {isa = PBXFileReference; explicitFileType = wrapper.application; includeInIndex = 0; path = Jummum2.app; sourceTree = BUILT_PRODUCTS_DIR; };
		EF5C2EDA2080BBB000084B7E /* AppDelegate.h */ = {isa = PBXFileReference; lastKnownFileType = sourcecode.c.h; path = AppDelegate.h; sourceTree = "<group>"; };
		EF5C2EDB2080BBB000084B7E /* AppDelegate.m */ = {isa = PBXFileReference; lastKnownFileType = sourcecode.c.objc; path = AppDelegate.m; sourceTree = "<group>"; };
		EF5C2EDD2080BBB000084B7E /* ViewController.h */ = {isa = PBXFileReference; lastKnownFileType = sourcecode.c.h; path = ViewController.h; sourceTree = "<group>"; };
		EF5C2EDE2080BBB000084B7E /* ViewController.m */ = {isa = PBXFileReference; lastKnownFileType = sourcecode.c.objc; path = ViewController.m; sourceTree = "<group>"; };
		EF5C2EE12080BBB000084B7E /* Base */ = {isa = PBXFileReference; lastKnownFileType = file.storyboard; name = Base; path = Base.lproj/Main.storyboard; sourceTree = "<group>"; };
		EF5C2EE32080BBB400084B7E /* Assets.xcassets */ = {isa = PBXFileReference; lastKnownFileType = folder.assetcatalog; path = Assets.xcassets; sourceTree = "<group>"; };
		EF5C2EE62080BBB400084B7E /* Base */ = {isa = PBXFileReference; lastKnownFileType = file.storyboard; name = Base; path = Base.lproj/LaunchScreen.storyboard; sourceTree = "<group>"; };
		EF5C2EE82080BBB400084B7E /* Info.plist */ = {isa = PBXFileReference; lastKnownFileType = text.plist.xml; path = Info.plist; sourceTree = "<group>"; };
		EF5C2EE92080BBB400084B7E /* main.m */ = {isa = PBXFileReference; lastKnownFileType = sourcecode.c.objc; path = main.m; sourceTree = "<group>"; };
		EF5C2EEF2080BBB400084B7E /* Jummum2Tests.xctest */ = {isa = PBXFileReference; explicitFileType = wrapper.cfbundle; includeInIndex = 0; path = Jummum2Tests.xctest; sourceTree = BUILT_PRODUCTS_DIR; };
		EF5C2EF32080BBB400084B7E /* Jummum2Tests.m */ = {isa = PBXFileReference; lastKnownFileType = sourcecode.c.objc; path = Jummum2Tests.m; sourceTree = "<group>"; };
		EF5C2EF52080BBB400084B7E /* Info.plist */ = {isa = PBXFileReference; lastKnownFileType = text.plist.xml; path = Info.plist; sourceTree = "<group>"; };
		EF5C2EFA2080BBB400084B7E /* Jummum2UITests.xctest */ = {isa = PBXFileReference; explicitFileType = wrapper.cfbundle; includeInIndex = 0; path = Jummum2UITests.xctest; sourceTree = BUILT_PRODUCTS_DIR; };
		EF5C2EFE2080BBB400084B7E /* Jummum2UITests.m */ = {isa = PBXFileReference; lastKnownFileType = sourcecode.c.objc; path = Jummum2UITests.m; sourceTree = "<group>"; };
		EF5C2F002080BBB400084B7E /* Info.plist */ = {isa = PBXFileReference; lastKnownFileType = text.plist.xml; path = Info.plist; sourceTree = "<group>"; };
/* End PBXFileReference section */

/* Begin PBXFrameworksBuildPhase section */
		EF5C2ED42080BBB000084B7E /* Frameworks */ = {
			isa = PBXFrameworksBuildPhase;
			buildActionMask = 2147483647;
			files = (
			);
			runOnlyForDeploymentPostprocessing = 0;
		};
		EF5C2EEC2080BBB400084B7E /* Frameworks */ = {
			isa = PBXFrameworksBuildPhase;
			buildActionMask = 2147483647;
			files = (
			);
			runOnlyForDeploymentPostprocessing = 0;
		};
		EF5C2EF72080BBB400084B7E /* Frameworks */ = {
			isa = PBXFrameworksBuildPhase;
			buildActionMask = 2147483647;
			files = (
			);
			runOnlyForDeploymentPostprocessing = 0;
		};
/* End PBXFrameworksBuildPhase section */

/* Begin PBXGroup section */
		EF5C2ECE2080BBB000084B7E = {
			isa = PBXGroup;
			children = (
				EF5C2ED92080BBB000084B7E /* Jummum2 */,
				EF5C2EF22080BBB400084B7E /* Jummum2Tests */,
				EF5C2EFD2080BBB400084B7E /* Jummum2UITests */,
				EF5C2ED82080BBB000084B7E /* Products */,
			);
			sourceTree = "<group>";
		};
		EF5C2ED82080BBB000084B7E /* Products */ = {
			isa = PBXGroup;
			children = (
				EF5C2ED72080BBB000084B7E /* Jummum2.app */,
				EF5C2EEF2080BBB400084B7E /* Jummum2Tests.xctest */,
				EF5C2EFA2080BBB400084B7E /* Jummum2UITests.xctest */,
			);
			name = Products;
			sourceTree = "<group>";
		};
		EF5C2ED92080BBB000084B7E /* Jummum2 */ = {
			isa = PBXGroup;
			children = (
				EF5C2EDA2080BBB000084B7E /* AppDelegate.h */,
				EF5C2EDB2080BBB000084B7E /* AppDelegate.m */,
				EF5C2EDD2080BBB000084B7E /* ViewController.h */,
				EF5C2EDE2080BBB000084B7E /* ViewController.m */,
				EF5C2EE02080BBB000084B7E /* Main.storyboard */,
				EF5C2EE32080BBB400084B7E /* Assets.xcassets */,
				EF5C2EE52080BBB400084B7E /* LaunchScreen.storyboard */,
				EF5C2EE82080BBB400084B7E /* Info.plist */,
				EF5C2EE92080BBB400084B7E /* main.m */,
			);
			path = Jummum2;
			sourceTree = "<group>";
		};
		EF5C2EF22080BBB400084B7E /* Jummum2Tests */ = {
			isa = PBXGroup;
			children = (
				EF5C2EF32080BBB400084B7E /* Jummum2Tests.m */,
				EF5C2EF52080BBB400084B7E /* Info.plist */,
			);
			path = Jummum2Tests;
			sourceTree = "<group>";
		};
		EF5C2EFD2080BBB400084B7E /* Jummum2UITests */ = {
			isa = PBXGroup;
			children = (
				EF5C2EFE2080BBB400084B7E /* Jummum2UITests.m */,
				EF5C2F002080BBB400084B7E /* Info.plist */,
			);
			path = Jummum2UITests;
			sourceTree = "<group>";
		};
/* End PBXGroup section */

/* Begin PBXNativeTarget section */
		EF5C2ED62080BBB000084B7E /* Jummum2 */ = {
			isa = PBXNativeTarget;
			buildConfigurationList = EF5C2F032080BBB400084B7E /* Build configuration list for PBXNativeTarget "Jummum2" */;
			buildPhases = (
				EF5C2ED32080BBB000084B7E /* Sources */,
				EF5C2ED42080BBB000084B7E /* Frameworks */,
				EF5C2ED52080BBB000084B7E /* Resources */,
			);
			buildRules = (
			);
			dependencies = (
			);
			name = Jummum2;
			productName = Jummum2;
			productReference = EF5C2ED72080BBB000084B7E /* Jummum2.app */;
			productType = "com.apple.product-type.application";
		};
		EF5C2EEE2080BBB400084B7E /* Jummum2Tests */ = {
			isa = PBXNativeTarget;
			buildConfigurationList = EF5C2F062080BBB400084B7E /* Build configuration list for PBXNativeTarget "Jummum2Tests" */;
			buildPhases = (
				EF5C2EEB2080BBB400084B7E /* Sources */,
				EF5C2EEC2080BBB400084B7E /* Frameworks */,
				EF5C2EED2080BBB400084B7E /* Resources */,
			);
			buildRules = (
			);
			dependencies = (
				EF5C2EF12080BBB400084B7E /* PBXTargetDependency */,
			);
			name = Jummum2Tests;
			productName = Jummum2Tests;
			productReference = EF5C2EEF2080BBB400084B7E /* Jummum2Tests.xctest */;
			productType = "com.apple.product-type.bundle.unit-test";
		};
		EF5C2EF92080BBB400084B7E /* Jummum2UITests */ = {
			isa = PBXNativeTarget;
			buildConfigurationList = EF5C2F092080BBB400084B7E /* Build configuration list for PBXNativeTarget "Jummum2UITests" */;
			buildPhases = (
				EF5C2EF62080BBB400084B7E /* Sources */,
				EF5C2EF72080BBB400084B7E /* Frameworks */,
				EF5C2EF82080BBB400084B7E /* Resources */,
			);
			buildRules = (
			);
			dependencies = (
				EF5C2EFC2080BBB400084B7E /* PBXTargetDependency */,
			);
			name = Jummum2UITests;
			productName = Jummum2UITests;
			productReference = EF5C2EFA2080BBB400084B7E /* Jummum2UITests.xctest */;
			productType = "com.apple.product-type.bundle.ui-testing";
		};
/* End PBXNativeTarget section */

/* Begin PBXProject section */
		EF5C2ECF2080BBB000084B7E /* Project object */ = {
			isa = PBXProject;
			attributes = {
				LastUpgradeCheck = 0930;
				ORGANIZATIONNAME = Appxelent;
				TargetAttributes = {
					EF5C2ED62080BBB000084B7E = {
						CreatedOnToolsVersion = 9.3;
					};
					EF5C2EEE2080BBB400084B7E = {
						CreatedOnToolsVersion = 9.3;
						TestTargetID = EF5C2ED62080BBB000084B7E;
					};
					EF5C2EF92080BBB400084B7E = {
						CreatedOnToolsVersion = 9.3;
						TestTargetID = EF5C2ED62080BBB000084B7E;
					};
				};
			};
			buildConfigurationList = EF5C2ED22080BBB000084B7E /* Build configuration list for PBXProject "Jummum2" */;
			compatibilityVersion = "Xcode 9.3";
			developmentRegion = en;
			hasScannedForEncodings = 0;
			knownRegions = (
				en,
				Base,
			);
			mainGroup = EF5C2ECE2080BBB000084B7E;
			productRefGroup = EF5C2ED82080BBB000084B7E /* Products */;
			projectDirPath = "";
			projectRoot = "";
			targets = (
				EF5C2ED62080BBB000084B7E /* Jummum2 */,
				EF5C2EEE2080BBB400084B7E /* Jummum2Tests */,
				EF5C2EF92080BBB400084B7E /* Jummum2UITests */,
			);
		};
/* End PBXProject section */

/* Begin PBXResourcesBuildPhase section */
		EF5C2ED52080BBB000084B7E /* Resources */ = {
			isa = PBXResourcesBuildPhase;
			buildActionMask = 2147483647;
			files = (
				EF5C2EE72080BBB400084B7E /* LaunchScreen.storyboard in Resources */,
				EF5C2EE42080BBB400084B7E /* Assets.xcassets in Resources */,
				EF5C2EE22080BBB000084B7E /* Main.storyboard in Resources */,
			);
			runOnlyForDeploymentPostprocessing = 0;
		};
		EF5C2EED2080BBB400084B7E /* Resources */ = {
			isa = PBXResourcesBuildPhase;
			buildActionMask = 2147483647;
			files = (
			);
			runOnlyForDeploymentPostprocessing = 0;
		};
		EF5C2EF82080BBB400084B7E /* Resources */ = {
			isa = PBXResourcesBuildPhase;
			buildActionMask = 2147483647;
			files = (
			);
			runOnlyForDeploymentPostprocessing = 0;
		};
/* End PBXResourcesBuildPhase section */

/* Begin PBXSourcesBuildPhase section */
		EF5C2ED32080BBB000084B7E /* Sources */ = {
			isa = PBXSourcesBuildPhase;
			buildActionMask = 2147483647;
			files = (
				EF5C2EDF2080BBB000084B7E /* ViewController.m in Sources */,
				EF5C2EEA2080BBB400084B7E /* main.m in Sources */,
				EF5C2EDC2080BBB000084B7E /* AppDelegate.m in Sources */,
			);
			runOnlyForDeploymentPostprocessing = 0;
		};
		EF5C2EEB2080BBB400084B7E /* Sources */ = {
			isa = PBXSourcesBuildPhase;
			buildActionMask = 2147483647;
			files = (
				EF5C2EF42080BBB400084B7E /* Jummum2Tests.m in Sources */,
			);
			runOnlyForDeploymentPostprocessing = 0;
		};
		EF5C2EF62080BBB400084B7E /* Sources */ = {
			isa = PBXSourcesBuildPhase;
			buildActionMask = 2147483647;
			files = (
				EF5C2EFF2080BBB400084B7E /* Jummum2UITests.m in Sources */,
			);
			runOnlyForDeploymentPostprocessing = 0;
		};
/* End PBXSourcesBuildPhase section */

/* Begin PBXTargetDependency section */
		EF5C2EF12080BBB400084B7E /* PBXTargetDependency */ = {
			isa = PBXTargetDependency;
			target = EF5C2ED62080BBB000084B7E /* Jummum2 */;
			targetProxy = EF5C2EF02080BBB400084B7E /* PBXContainerItemProxy */;
		};
		EF5C2EFC2080BBB400084B7E /* PBXTargetDependency */ = {
			isa = PBXTargetDependency;
			target = EF5C2ED62080BBB000084B7E /* Jummum2 */;
			targetProxy = EF5C2EFB2080BBB400084B7E /* PBXContainerItemProxy */;
		};
/* End PBXTargetDependency section */

/* Begin PBXVariantGroup section */
		EF5C2EE02080BBB000084B7E /* Main.storyboard */ = {
			isa = PBXVariantGroup;
			children = (
				EF5C2EE12080BBB000084B7E /* Base */,
			);
			name = Main.storyboard;
			sourceTree = "<group>";
		};
		EF5C2EE52080BBB400084B7E /* LaunchScreen.storyboard */ = {
			isa = PBXVariantGroup;
			children = (
				EF5C2EE62080BBB400084B7E /* Base */,
			);
			name = LaunchScreen.storyboard;
			sourceTree = "<group>";
		};
/* End PBXVariantGroup section */

/* Begin XCBuildConfiguration section */
		EF5C2F012080BBB400084B7E /* Debug */ = {
			isa = XCBuildConfiguration;
			buildSettings = {
				ALWAYS_SEARCH_USER_PATHS = NO;
				CLANG_ANALYZER_NONNULL = YES;
				CLANG_ANALYZER_NUMBER_OBJECT_CONVERSION = YES_AGGRESSIVE;
				CLANG_CXX_LANGUAGE_STANDARD = "gnu++14";
				CLANG_CXX_LIBRARY = "libc++";
				CLANG_ENABLE_MODULES = YES;
				CLANG_ENABLE_OBJC_ARC = YES;
				CLANG_ENABLE_OBJC_WEAK = YES;
				CLANG_WARN_BLOCK_CAPTURE_AUTORELEASING = YES;
				CLANG_WARN_BOOL_CONVERSION = YES;
				CLANG_WARN_COMMA = YES;
				CLANG_WARN_CONSTANT_CONVERSION = YES;
				CLANG_WARN_DEPRECATED_OBJC_IMPLEMENTATIONS = YES;
				CLANG_WARN_DIRECT_OBJC_ISA_USAGE = YES_ERROR;
				CLANG_WARN_DOCUMENTATION_COMMENTS = YES;
				CLANG_WARN_EMPTY_BODY = YES;
				CLANG_WARN_ENUM_CONVERSION = YES;
				CLANG_WARN_INFINITE_RECURSION = YES;
				CLANG_WARN_INT_CONVERSION = YES;
				CLANG_WARN_NON_LITERAL_NULL_CONVERSION = YES;
				CLANG_WARN_OBJC_IMPLICIT_RETAIN_SELF = YES;
				CLANG_WARN_OBJC_LITERAL_CONVERSION = YES;
				CLANG_WARN_OBJC_ROOT_CLASS = YES_ERROR;
				CLANG_WARN_RANGE_LOOP_ANALYSIS = YES;
				CLANG_WARN_STRICT_PROTOTYPES = YES;
				CLANG_WARN_SUSPICIOUS_MOVE = YES;
				CLANG_WARN_UNGUARDED_AVAILABILITY = YES_AGGRESSIVE;
				CLANG_WARN_UNREACHABLE_CODE = YES;
				CLANG_WARN__DUPLICATE_METHOD_MATCH = YES;
				CODE_SIGN_IDENTITY = "iPhone Developer";
				COPY_PHASE_STRIP = NO;
				DEBUG_INFORMATION_FORMAT = dwarf;
				ENABLE_STRICT_OBJC_MSGSEND = YES;
				ENABLE_TESTABILITY = YES;
				GCC_C_LANGUAGE_STANDARD = gnu11;
				GCC_DYNAMIC_NO_PIC = NO;
				GCC_NO_COMMON_BLOCKS = YES;
				GCC_OPTIMIZATION_LEVEL = 0;
				GCC_PREPROCESSOR_DEFINITIONS = (
					"DEBUG=1",
					"$(inherited)",
				);
				GCC_WARN_64_TO_32_BIT_CONVERSION = YES;
				GCC_WARN_ABOUT_RETURN_TYPE = YES_ERROR;
				GCC_WARN_UNDECLARED_SELECTOR = YES;
				GCC_WARN_UNINITIALIZED_AUTOS = YES_AGGRESSIVE;
				GCC_WARN_UNUSED_FUNCTION = YES;
				GCC_WARN_UNUSED_VARIABLE = YES;
				IPHONEOS_DEPLOYMENT_TARGET = 11.3;
				MTL_ENABLE_DEBUG_INFO = YES;
				ONLY_ACTIVE_ARCH = YES;
				SDKROOT = iphoneos;
			};
			name = Debug;
		};
		EF5C2F022080BBB400084B7E /* Release */ = {
			isa = XCBuildConfiguration;
			buildSettings = {
				ALWAYS_SEARCH_USER_PATHS = NO;
				CLANG_ANALYZER_NONNULL = YES;
				CLANG_ANALYZER_NUMBER_OBJECT_CONVERSION = YES_AGGRESSIVE;
				CLANG_CXX_LANGUAGE_STANDARD = "gnu++14";
				CLANG_CXX_LIBRARY = "libc++";
				CLANG_ENABLE_MODULES = YES;
				CLANG_ENABLE_OBJC_ARC = YES;
				CLANG_ENABLE_OBJC_WEAK = YES;
				CLANG_WARN_BLOCK_CAPTURE_AUTORELEASING = YES;
				CLANG_WARN_BOOL_CONVERSION = YES;
				CLANG_WARN_COMMA = YES;
				CLANG_WARN_CONSTANT_CONVERSION = YES;
				CLANG_WARN_DEPRECATED_OBJC_IMPLEMENTATIONS = YES;
				CLANG_WARN_DIRECT_OBJC_ISA_USAGE = YES_ERROR;
				CLANG_WARN_DOCUMENTATION_COMMENTS = YES;
				CLANG_WARN_EMPTY_BODY = YES;
				CLANG_WARN_ENUM_CONVERSION = YES;
				CLANG_WARN_INFINITE_RECURSION = YES;
				CLANG_WARN_INT_CONVERSION = YES;
				CLANG_WARN_NON_LITERAL_NULL_CONVERSION = YES;
				CLANG_WARN_OBJC_IMPLICIT_RETAIN_SELF = YES;
				CLANG_WARN_OBJC_LITERAL_CONVERSION = YES;
				CLANG_WARN_OBJC_ROOT_CLASS = YES_ERROR;
				CLANG_WARN_RANGE_LOOP_ANALYSIS = YES;
				CLANG_WARN_STRICT_PROTOTYPES = YES;
				CLANG_WARN_SUSPICIOUS_MOVE = YES;
				CLANG_WARN_UNGUARDED_AVAILABILITY = YES_AGGRESSIVE;
				CLANG_WARN_UNREACHABLE_CODE = YES;
				CLANG_WARN__DUPLICATE_METHOD_MATCH = YES;
				CODE_SIGN_IDENTITY = "iPhone Developer";
				COPY_PHASE_STRIP = NO;
				DEBUG_INFORMATION_FORMAT = "dwarf-with-dsym";
				ENABLE_NS_ASSERTIONS = NO;
				ENABLE_STRICT_OBJC_MSGSEND = YES;
				GCC_C_LANGUAGE_STANDARD = gnu11;
				GCC_NO_COMMON_BLOCKS = YES;
				GCC_WARN_64_TO_32_BIT_CONVERSION = YES;
				GCC_WARN_ABOUT_RETURN_TYPE = YES_ERROR;
				GCC_WARN_UNDECLARED_SELECTOR = YES;
				GCC_WARN_UNINITIALIZED_AUTOS = YES_AGGRESSIVE;
				GCC_WARN_UNUSED_FUNCTION = YES;
				GCC_WARN_UNUSED_VARIABLE = YES;
				IPHONEOS_DEPLOYMENT_TARGET = 11.3;
				MTL_ENABLE_DEBUG_INFO = NO;
				SDKROOT = iphoneos;
				VALIDATE_PRODUCT = YES;
			};
			name = Release;
		};
		EF5C2F042080BBB400084B7E /* Debug */ = {
			isa = XCBuildConfiguration;
			buildSettings = {
				ASSETCATALOG_COMPILER_APPICON_NAME = AppIcon;
				CODE_SIGN_STYLE = Automatic;
				DEVELOPMENT_TEAM = DF8AZLDC5D;
				INFOPLIST_FILE = Jummum2/Info.plist;
				LD_RUNPATH_SEARCH_PATHS = (
					"$(inherited)",
					"@executable_path/Frameworks",
				);
				PRODUCT_BUNDLE_IDENTIFIER = com.appxelent.Jummum2;
				PRODUCT_NAME = "$(TARGET_NAME)";
				TARGETED_DEVICE_FAMILY = "1,2";
			};
			name = Debug;
		};
		EF5C2F052080BBB400084B7E /* Release */ = {
			isa = XCBuildConfiguration;
			buildSettings = {
				ASSETCATALOG_COMPILER_APPICON_NAME = AppIcon;
				CODE_SIGN_STYLE = Automatic;
				DEVELOPMENT_TEAM = DF8AZLDC5D;
				INFOPLIST_FILE = Jummum2/Info.plist;
				LD_RUNPATH_SEARCH_PATHS = (
					"$(inherited)",
					"@executable_path/Frameworks",
				);
				PRODUCT_BUNDLE_IDENTIFIER = com.appxelent.Jummum2;
				PRODUCT_NAME = "$(TARGET_NAME)";
				TARGETED_DEVICE_FAMILY = "1,2";
			};
			name = Release;
		};
		EF5C2F072080BBB400084B7E /* Debug */ = {
			isa = XCBuildConfiguration;
			buildSettings = {
				BUNDLE_LOADER = "$(TEST_HOST)";
				CODE_SIGN_STYLE = Automatic;
				DEVELOPMENT_TEAM = DF8AZLDC5D;
				INFOPLIST_FILE = Jummum2Tests/Info.plist;
				LD_RUNPATH_SEARCH_PATHS = (
					"$(inherited)",
					"@executable_path/Frameworks",
					"@loader_path/Frameworks",
				);
				PRODUCT_BUNDLE_IDENTIFIER = com.appxelent.Jummum2Tests;
				PRODUCT_NAME = "$(TARGET_NAME)";
				TARGETED_DEVICE_FAMILY = "1,2";
				TEST_HOST = "$(BUILT_PRODUCTS_DIR)/Jummum2.app/Jummum2";
			};
			name = Debug;
		};
		EF5C2F082080BBB400084B7E /* Release */ = {
			isa = XCBuildConfiguration;
			buildSettings = {
				BUNDLE_LOADER = "$(TEST_HOST)";
				CODE_SIGN_STYLE = Automatic;
				DEVELOPMENT_TEAM = DF8AZLDC5D;
				INFOPLIST_FILE = Jummum2Tests/Info.plist;
				LD_RUNPATH_SEARCH_PATHS = (
					"$(inherited)",
					"@executable_path/Frameworks",
					"@loader_path/Frameworks",
				);
				PRODUCT_BUNDLE_IDENTIFIER = com.appxelent.Jummum2Tests;
				PRODUCT_NAME = "$(TARGET_NAME)";
				TARGETED_DEVICE_FAMILY = "1,2";
				TEST_HOST = "$(BUILT_PRODUCTS_DIR)/Jummum2.app/Jummum2";
			};
			name = Release;
		};
		EF5C2F0A2080BBB400084B7E /* Debug */ = {
			isa = XCBuildConfiguration;
			buildSettings = {
				CODE_SIGN_STYLE = Automatic;
				DEVELOPMENT_TEAM = DF8AZLDC5D;
				INFOPLIST_FILE = Jummum2UITests/Info.plist;
				LD_RUNPATH_SEARCH_PATHS = (
					"$(inherited)",
					"@executable_path/Frameworks",
					"@loader_path/Frameworks",
				);
				PRODUCT_BUNDLE_IDENTIFIER = com.appxelent.Jummum2UITests;
				PRODUCT_NAME = "$(TARGET_NAME)";
				TARGETED_DEVICE_FAMILY = "1,2";
				TEST_TARGET_NAME = Jummum2;
			};
			name = Debug;
		};
		EF5C2F0B2080BBB400084B7E /* Release */ = {
			isa = XCBuildConfiguration;
			buildSettings = {
				CODE_SIGN_STYLE = Automatic;
				DEVELOPMENT_TEAM = DF8AZLDC5D;
				INFOPLIST_FILE = Jummum2UITests/Info.plist;
				LD_RUNPATH_SEARCH_PATHS = (
					"$(inherited)",
					"@executable_path/Frameworks",
					"@loader_path/Frameworks",
				);
				PRODUCT_BUNDLE_IDENTIFIER = com.appxelent.Jummum2UITests;
				PRODUCT_NAME = "$(TARGET_NAME)";
				TARGETED_DEVICE_FAMILY = "1,2";
				TEST_TARGET_NAME = Jummum2;
			};
			name = Release;
		};
/* End XCBuildConfiguration section */

/* Begin XCConfigurationList section */
		EF5C2ED22080BBB000084B7E /* Build configuration list for PBXProject "Jummum2" */ = {
			isa = XCConfigurationList;
			buildConfigurations = (
				EF5C2F012080BBB400084B7E /* Debug */,
				EF5C2F022080BBB400084B7E /* Release */,
			);
			defaultConfigurationIsVisible = 0;
			defaultConfigurationName = Release;
		};
		EF5C2F032080BBB400084B7E /* Build configuration list for PBXNativeTarget "Jummum2" */ = {
			isa = XCConfigurationList;
			buildConfigurations = (
				EF5C2F042080BBB400084B7E /* Debug */,
				EF5C2F052080BBB400084B7E /* Release */,
			);
			defaultConfigurationIsVisible = 0;
			defaultConfigurationName = Release;
		};
		EF5C2F062080BBB400084B7E /* Build configuration list for PBXNativeTarget "Jummum2Tests" */ = {
			isa = XCConfigurationList;
			buildConfigurations = (
				EF5C2F072080BBB400084B7E /* Debug */,
				EF5C2F082080BBB400084B7E /* Release */,
			);
			defaultConfigurationIsVisible = 0;
			defaultConfigurationName = Release;
		};
		EF5C2F092080BBB400084B7E /* Build configuration list for PBXNativeTarget "Jummum2UITests" */ = {
			isa = XCConfigurationList;
			buildConfigurations = (
				EF5C2F0A2080BBB400084B7E /* Debug */,
				EF5C2F0B2080BBB400084B7E /* Release */,
			);
			defaultConfigurationIsVisible = 0;
			defaultConfigurationName = Release;
		};
/* End XCConfigurationList section */
	};
	rootObject = EF5C2ECF2080BBB000084B7E /* Project object */;
}
